<?xml version="1.0" encoding="utf-8"?>
<Project ToolsVersion="4.0" xmlns="http://schemas.microsoft.com/developer/msbuild/2003">
  <ItemGroup>
    <Filter Include="Source Files">
      <UniqueIdentifier>{4FC737F1-C7A5-4376-A066-2A32D752A2FF}</UniqueIdentifier>
      <Extensions>cpp;c;cc;cxx;c++;cppm;ixx;def;odl;idl;hpj;bat;asm;asmx</Extensions>
    </Filter>
    <Filter Include="Header Files">
      <UniqueIdentifier>{93995380-89BD-4b04-88EB-625FBE52EBFB}</UniqueIdentifier>
      <Extensions>h;hh;hpp;hxx;h++;hm;inl;inc;ipp;xsd</Extensions>
    </Filter>
    <Filter Include="Resource Files">
      <UniqueIdentifier>{67DA6AB6-F800-4c08-8B7A-83BB121AAD01}</UniqueIdentifier>
      <Extensions>rc;ico;cur;bmp;dlg;rc2;rct;bin;rgs;gif;jpg;jpeg;jpe;resx;tiff;tif;png;wav;mfcribbon-ms</Extensions>
    </Filter>
    <Filter Include="Source Files\render">
      <UniqueIdentifier>{90c98f87-299e-4d1a-ae83-f092721ed509}</UniqueIdentifier>
    </Filter>
    <Filter Include="Source Files\render\ray">
      <UniqueIdentifier>{c7e9153b-424e-44da-b4b7-2f8b248d235a}</UniqueIdentifier>
    </Filter>
    <Filter Include="Source Files\render\anim">
      <UniqueIdentifier>{edce1789-fe03-4772-bfcd-ea0dc48f4eb5}</UniqueIdentifier>
    </Filter>
    <Filter Include="Source Files\render\shaders">
      <UniqueIdentifier>{dce438d3-6261-4155-b8ef-d6f1797e7daa}</UniqueIdentifier>
    </Filter>
    <Filter Include="Source Files\render\shaders\default">
      <UniqueIdentifier>{463ea7f4-2eed-4d90-a84b-9ef534028ab1}</UniqueIdentifier>
    </Filter>
    <Filter Include="Source Files\imgui">
      <UniqueIdentifier>{4a5b089a-9622-46ca-b4af-dba336f91d20}</UniqueIdentifier>
    </Filter>
    <Filter Include="Source Files\imgui\backend">
      <UniqueIdentifier>{17de433b-16d3-4487-985b-cd01b0d6b09c}</UniqueIdentifier>
    </Filter>
    <Filter Include="Source Files\imgui\misc">
      <UniqueIdentifier>{76f10c67-e471-4aac-9733-aec31fe9cf1c}</UniqueIdentifier>
    </Filter>
    <Filter Include="Source Files\imgui\misc\cpp">
      <UniqueIdentifier>{b26fb885-016e-4564-b2f4-37ae8da4390e}</UniqueIdentifier>
    </Filter>
  </ItemGroup>
  <ItemGroup>
    <ClCompile Include="main.cpp">
      <Filter>Source Files</Filter>
    </ClCompile>
    <ClCompile Include="rnd\anim\anim.cpp">
      <Filter>Source Files\render\anim</Filter>
    </ClCompile>
    <ClCompile Include="rnd\render.cpp">
      <Filter>Source Files\render</Filter>
    </ClCompile>
    <ClCompile Include="glad.c">
      <Filter>Source Files</Filter>
    </ClCompile>
    <ClCompile Include="imgui-1.92.7\imgui.cpp">
      <Filter>Source Files\imgui</Filter>
    </ClCompile>
    <ClCompile Include="imgui-1.92.7\imgui_tables.cpp">
      <Filter>Source Files\imgui</Filter>
    </ClCompile>
    <ClCompile Include="imgui-1.92.7\imgui_widgets.cpp">
      <Filter>Source Files\imgui</Filter>
    </ClCompile>
    <ClCompile Include="imgui-1.92.7\backends\imgui_impl_glfw.cpp">
      <Filter>Source Files\imgui\backend</Filter>
    </ClCompile>
    <ClCompile Include="imgui-1.92.7\backends\imgui_impl_opengl3.cpp">
      <Filter>Source Files\imgui\backend</Filter>
    </ClCompile>
    <ClCompile Include="imgui-1.92.7\imgui_demo.cpp">
      <Filter>Source Files\imgui</Filter>
    </ClCompile>
    <ClCompile Include="imgui-1.92.7\imgui_draw.cpp">
      <Filter>Source Files\imgui</Filter>
    </ClCompile>
    <ClCompile Include="imgui-1.92.7\misc\cpp\imgui_stdlib.cpp">
      <Filter>Source Files\imgui\misc\cpp</Filter>
    </ClCompile>
  </ItemGroup>
  <ItemGroup>
    <ClInclude Include="def.h">
      <Filter>Source Files</Filter>
    </ClInclude>
    <ClInclude Include="rnd\ray\shape.h">
      <Filter>Source Files\render\ray</Filter>
    </ClInclude>
    <ClInclude Include="rnd\camera.h">
      <Filter>Source Files\render</Filter>
    </ClInclude>
    <ClInclude Include="rnd\anim\anim.h">
      <Filter>Source Files\render\anim</Filter>
    </ClInclude>
    <ClInclude Include="rnd\render.h">
      <Filter>Source Files\render</Filter>
    </ClInclude>
    <ClInclude Include="main.h">
      <Filter>Source Files</Filter>
    </ClInclude>
    <ClInclude Include="rnd\shaders\shader.h">
      <Filter>Source Files\render\shaders</Filter>
    </ClInclude>
    <ClInclude Include="imgui-1.92.7\imconfig.h">
      <Filter>Source Files\imgui</Filter>
    </ClInclude>
    <ClInclude Include="imgui-1.92.7\imgui.h">
      <Filter>Source Files\imgui</Filter>
    </ClInclude>
    <ClInclude Include="imgui-1.92.7\imgui_internal.h">
      <Filter>Source Files\imgui</Filter>
    </ClInclude>
    <ClInclude Include="imgui-1.92.7\imstb_rectpack.h">
      <Filter>Source Files\imgui</Filter>
    </ClInclude>
    <ClInclude Include="imgui-1.92.7\imstb_textedit.h">
      <Filter>Source Files\imgui</Filter>
    </ClInclude>
    <ClInclude Include="imgui-1.92.7\imstb_truetype.h">
      <Filter>Source Files\imgui</Filter>
    </ClInclude>
    <ClInclude Include="imgui-1.92.7\misc\cpp\imgui_stdlib.h">
      <Filter>Source Files\imgui\misc\cpp</Filter>
    </ClInclude>
  </ItemGroup>
  <ItemGroup>
    <None Include="rnd\shaders\default\frag.glsl">
      <Filter>Source Files\render\shaders\default</Filter>
    </None>
    <None Include="rnd\shaders\default\vert.glsl">
      <Filter>Source Files\render\shaders\default</Filter>
    </None>
  </ItemGroup>
</Project>